
Microsoft Visual Studio Solution File, Format Version 12.00
# Visual Studio Version 16
VisualStudioVersion = 16.0.29201.188
MinimumVisualStudioVersion = 10.0.40219.1
Project("{FAE04EC0-301F-11D3-BF4B-00C04F79EFBC}") = "Client", "Pozicionalo\Client.csproj", "{8D790795-8CA1-45C8-8A8A-6CA6489195A4}"
	ProjectSection(ProjectDependencies) = postProject
		{B6137ACA-3F33-457D-95B4-2DCEFCD94D75} = {B6137ACA-3F33-457D-95B4-2DCEFCD94D75}
	EndProjectSection
EndProject
Project("{2150E333-8FDC-42A3-9474-1A3956D46DE8}") = "ClientProjects", "ClientProjects", "{35016454-80D9-47D4-B949-8654703277E9}"
EndProject
Project("{2150E333-8FDC-42A3-9474-1A3956D46DE8}") = "ServerProjects", "ServerProjects", "{206D5149-72A2-4DD0-9F54-A21BDBF16A45}"
EndProject
Project("{FAE04EC0-301F-11D3-BF4B-00C04F79EFBC}") = "PositioningLibrary", "PositioningLibrary\PositioningLibrary.csproj", "{918C1BCB-26F8-4549-9243-439037FC4D2B}"
EndProject
Project("{FAE04EC0-301F-11D3-BF4B-00C04F79EFBC}") = "InItClientProgramLibrary", "InItClientProgramLibrary\InItClientProgramLibrary.csproj", "{B6137ACA-3F33-457D-95B4-2DCEFCD94D75}"
EndProject
Project("{FAE04EC0-301F-11D3-BF4B-00C04F79EFBC}") = "EndMethodsLibrary", "EndMethodsLibrary\EndMethodsLibrary.csproj", "{C7FBC3F0-379C-406E-A17A-097050FAD8A3}"
EndProject
Project("{FAE04EC0-301F-11D3-BF4B-00C04F79EFBC}") = "TCPServerLibrary", "TCPServer\TCPServerLibrary.csproj", "{5C6DDC2F-84DB-4331-9EAB-02980C7DDA9A}"
EndProject
Project("{FAE04EC0-301F-11D3-BF4B-00C04F79EFBC}") = "KilokoModelLibrary", "KilokoModelLibrary\KilokoModelLibrary.csproj", "{BF5622A0-9C16-4839-8C52-109392F6893D}"
EndProject
Project("{FAE04EC0-301F-11D3-BF4B-00C04F79EFBC}") = "LuxScanOrdModelLibrary", "LuxScanOrdModelLibrary\LuxScanOrdModelLibrary.csproj", "{A6D11D1B-FBEF-4A39-A350-E19019A87A9A}"
EndProject
Project("{FAE04EC0-301F-11D3-BF4B-00C04F79EFBC}") = "LuxScanOrdReaderLibrary", "LuxScanOrdReader\LuxScanOrdReaderLibrary.csproj", "{30837D8F-E73D-4F5E-A784-16B435CC7751}"
EndProject
Project("{FAE04EC0-301F-11D3-BF4B-00C04F79EFBC}") = "ItemNumberManagerLibrary", "ItemNumberManagerLibrary\ItemNumberManagerLibrary.csproj", "{FEBF8A85-6F31-442F-8FFC-AE5A87ED907E}"
EndProject
Project("{FAE04EC0-301F-11D3-BF4B-00C04F79EFBC}") = "SendedModelsLibrary", "SendedModels\SendedModelsLibrary.csproj", "{0B5CF7B5-ED38-4E0C-9F48-51449B05B7F4}"
EndProject
Project("{FAE04EC0-301F-11D3-BF4B-00C04F79EFBC}") = "LuxScanRawItemsLibrary", "LuxScanRawItems\LuxScanRawItemsLibrary.csproj", "{4C795B37-5AD0-4856-B774-F31720C5007A}"
EndProject
Project("{FAE04EC0-301F-11D3-BF4B-00C04F79EFBC}") = "MachinesLibrary", "Machines\MachinesLibrary.csproj", "{280420FC-B868-4237-8C28-8E9BD0B8A264}"
EndProject
Project("{FAE04EC0-301F-11D3-BF4B-00C04F79EFBC}") = "SendOutModelsLibrary", "SendOutModels\SendOutModelsLibrary.csproj", "{58365DAC-2CFA-4F45-8013-91A272C79CD7}"
EndProject
Project("{FAE04EC0-301F-11D3-BF4B-00C04F79EFBC}") = "TCPClientLibrary", "TCPClient\TCPClientLibrary.csproj", "{95F257F0-C336-4E40-A8F2-82C121FAA4B2}"
EndProject
Project("{FAE04EC0-301F-11D3-BF4B-00C04F79EFBC}") = "ClientGUI", "ClientGUI\ClientGUI.csproj", "{AD61FD74-D3F3-4C40-B454-3515C2E9CE41}"
EndProject
Project("{FAE04EC0-301F-11D3-BF4B-00C04F79EFBC}") = "ServerWPFGUI", "ServerWPFGUI\ServerWPFGUI.csproj", "{78ABC471-CC4D-4188-AF39-CF3E15C8BA7A}"
EndProject
Project("{FAE04EC0-301F-11D3-BF4B-00C04F79EFBC}") = "LanguageSelectorLibrary", "LanguageSelectorLibrary\LanguageSelectorLibrary.csproj", "{648E751B-D8EC-4F3D-8B51-EFC013E821E3}"
EndProject
Project("{FAE04EC0-301F-11D3-BF4B-00C04F79EFBC}") = "ClientService", "ClientService\ClientService.csproj", "{4C32CEAB-6B2B-46F9-8269-CE1AF62AECF6}"
EndProject
Project("{FAE04EC0-301F-11D3-BF4B-00C04F79EFBC}") = "SettingsLibrary", "ServerSettings\SettingsLibrary.csproj", "{88C4239F-0D94-408C-9259-3B53633A911E}"
EndProject
Global
	GlobalSection(SolutionConfigurationPlatforms) = preSolution
		Debug|Any CPU = Debug|Any CPU
		Release|Any CPU = Release|Any CPU
	EndGlobalSection
	GlobalSection(ProjectConfigurationPlatforms) = postSolution
		{8D790795-8CA1-45C8-8A8A-6CA6489195A4}.Debug|Any CPU.ActiveCfg = Debug|Any CPU
		{8D790795-8CA1-45C8-8A8A-6CA6489195A4}.Debug|Any CPU.Build.0 = Debug|Any CPU
		{8D790795-8CA1-45C8-8A8A-6CA6489195A4}.Release|Any CPU.ActiveCfg = Release|Any CPU
		{8D790795-8CA1-45C8-8A8A-6CA6489195A4}.Release|Any CPU.Build.0 = Release|Any CPU
		{918C1BCB-26F8-4549-9243-439037FC4D2B}.Debug|Any CPU.ActiveCfg = Debug|Any CPU
		{918C1BCB-26F8-4549-9243-439037FC4D2B}.Debug|Any CPU.Build.0 = Debug|Any CPU
		{918C1BCB-26F8-4549-9243-439037FC4D2B}.Release|Any CPU.ActiveCfg = Release|Any CPU
		{918C1BCB-26F8-4549-9243-439037FC4D2B}.Release|Any CPU.Build.0 = Release|Any CPU
		{B6137ACA-3F33-457D-95B4-2DCEFCD94D75}.Debug|Any CPU.ActiveCfg = Debug|Any CPU
		{B6137ACA-3F33-457D-95B4-2DCEFCD94D75}.Debug|Any CPU.Build.0 = Debug|Any CPU
		{B6137ACA-3F33-457D-95B4-2DCEFCD94D75}.Release|Any CPU.ActiveCfg = Release|Any CPU
		{B6137ACA-3F33-457D-95B4-2DCEFCD94D75}.Release|Any CPU.Build.0 = Release|Any CPU
		{C7FBC3F0-379C-406E-A17A-097050FAD8A3}.Debug|Any CPU.ActiveCfg = Debug|Any CPU
		{C7FBC3F0-379C-406E-A17A-097050FAD8A3}.Debug|Any CPU.Build.0 = Debug|Any CPU
		{C7FBC3F0-379C-406E-A17A-097050FAD8A3}.Release|Any CPU.ActiveCfg = Release|Any CPU
		{C7FBC3F0-379C-406E-A17A-097050FAD8A3}.Release|Any CPU.Build.0 = Release|Any CPU
		{5C6DDC2F-84DB-4331-9EAB-02980C7DDA9A}.Debug|Any CPU.ActiveCfg = Debug|Any CPU
		{5C6DDC2F-84DB-4331-9EAB-02980C7DDA9A}.Debug|Any CPU.Build.0 = Debug|Any CPU
		{5C6DDC2F-84DB-4331-9EAB-02980C7DDA9A}.Release|Any CPU.ActiveCfg = Release|Any CPU
		{5C6DDC2F-84DB-4331-9EAB-02980C7DDA9A}.Release|Any CPU.Build.0 = Release|Any CPU
		{BF5622A0-9C16-4839-8C52-109392F6893D}.Debug|Any CPU.ActiveCfg = Debug|Any CPU
		{BF5622A0-9C16-4839-8C52-109392F6893D}.Debug|Any CPU.Build.0 = Debug|Any CPU
		{BF5622A0-9C16-4839-8C52-109392F6893D}.Release|Any CPU.ActiveCfg = Release|Any CPU
		{BF5622A0-9C16-4839-8C52-109392F6893D}.Release|Any CPU.Build.0 = Release|Any CPU
		{A6D11D1B-FBEF-4A39-A350-E19019A87A9A}.Debug|Any CPU.ActiveCfg = Debug|Any CPU
		{A6D11D1B-FBEF-4A39-A350-E19019A87A9A}.Debug|Any CPU.Build.0 = Debug|Any CPU
		{A6D11D1B-FBEF-4A39-A350-E19019A87A9A}.Release|Any CPU.ActiveCfg = Release|Any CPU
		{A6D11D1B-FBEF-4A39-A350-E19019A87A9A}.Release|Any CPU.Build.0 = Release|Any CPU
		{30837D8F-E73D-4F5E-A784-16B435CC7751}.Debug|Any CPU.ActiveCfg = Debug|Any CPU
		{30837D8F-E73D-4F5E-A784-16B435CC7751}.Debug|Any CPU.Build.0 = Debug|Any CPU
		{30837D8F-E73D-4F5E-A784-16B435CC7751}.Release|Any CPU.ActiveCfg = Release|Any CPU
		{30837D8F-E73D-4F5E-A784-16B435CC7751}.Release|Any CPU.Build.0 = Release|Any CPU
		{FEBF8A85-6F31-442F-8FFC-AE5A87ED907E}.Debug|Any CPU.ActiveCfg = Debug|Any CPU
		{FEBF8A85-6F31-442F-8FFC-AE5A87ED907E}.Debug|Any CPU.Build.0 = Debug|Any CPU
		{FEBF8A85-6F31-442F-8FFC-AE5A87ED907E}.Release|Any CPU.ActiveCfg = Release|Any CPU
		{FEBF8A85-6F31-442F-8FFC-AE5A87ED907E}.Release|Any CPU.Build.0 = Release|Any CPU
		{0B5CF7B5-ED38-4E0C-9F48-51449B05B7F4}.Debug|Any CPU.ActiveCfg = Debug|Any CPU
		{0B5CF7B5-ED38-4E0C-9F48-51449B05B7F4}.Debug|Any CPU.Build.0 = Debug|Any CPU
		{0B5CF7B5-ED38-4E0C-9F48-51449B05B7F4}.Release|Any CPU.ActiveCfg = Release|Any CPU
		{0B5CF7B5-ED38-4E0C-9F48-51449B05B7F4}.Release|Any CPU.Build.0 = Release|Any CPU
		{4C795B37-5AD0-4856-B774-F31720C5007A}.Debug|Any CPU.ActiveCfg = Debug|Any CPU
		{4C795B37-5AD0-4856-B774-F31720C5007A}.Debug|Any CPU.Build.0 = Debug|Any CPU
		{4C795B37-5AD0-4856-B774-F31720C5007A}.Release|Any CPU.ActiveCfg = Release|Any CPU
		{4C795B37-5AD0-4856-B774-F31720C5007A}.Release|Any CPU.Build.0 = Release|Any CPU
		{280420FC-B868-4237-8C28-8E9BD0B8A264}.Debug|Any CPU.ActiveCfg = Debug|Any CPU
		{280420FC-B868-4237-8C28-8E9BD0B8A264}.Debug|Any CPU.Build.0 = Debug|Any CPU
		{280420FC-B868-4237-8C28-8E9BD0B8A264}.Release|Any CPU.ActiveCfg = Release|Any CPU
		{280420FC-B868-4237-8C28-8E9BD0B8A264}.Release|Any CPU.Build.0 = Release|Any CPU
		{58365DAC-2CFA-4F45-8013-91A272C79CD7}.Debug|Any CPU.ActiveCfg = Debug|Any CPU
		{58365DAC-2CFA-4F45-8013-91A272C79CD7}.Debug|Any CPU.Build.0 = Debug|Any CPU
		{58365DAC-2CFA-4F45-8013-91A272C79CD7}.Release|Any CPU.ActiveCfg = Release|Any CPU
		{58365DAC-2CFA-4F45-8013-91A272C79CD7}.Release|Any CPU.Build.0 = Release|Any CPU
		{95F257F0-C336-4E40-A8F2-82C121FAA4B2}.Debug|Any CPU.ActiveCfg = Debug|Any CPU
		{95F257F0-C336-4E40-A8F2-82C121FAA4B2}.Debug|Any CPU.Build.0 = Debug|Any CPU
		{95F257F0-C336-4E40-A8F2-82C121FAA4B2}.Release|Any CPU.ActiveCfg = Release|Any CPU
		{95F257F0-C336-4E40-A8F2-82C121FAA4B2}.Release|Any CPU.Build.0 = Release|Any CPU
		{AD61FD74-D3F3-4C40-B454-3515C2E9CE41}.Debug|Any CPU.ActiveCfg = Debug|Any CPU
		{AD61FD74-D3F3-4C40-B454-3515C2E9CE41}.Debug|Any CPU.Build.0 = Debug|Any CPU
		{AD61FD74-D3F3-4C40-B454-3515C2E9CE41}.Release|Any CPU.ActiveCfg = Release|Any CPU
		{AD61FD74-D3F3-4C40-B454-3515C2E9CE41}.Release|Any CPU.Build.0 = Release|Any CPU
		{78ABC471-CC4D-4188-AF39-CF3E15C8BA7A}.Debug|Any CPU.ActiveCfg = Debug|Any CPU
		{78ABC471-CC4D-4188-AF39-CF3E15C8BA7A}.Debug|Any CPU.Build.0 = Debug|Any CPU
		{78ABC471-CC4D-4188-AF39-CF3E15C8BA7A}.Release|Any CPU.ActiveCfg = Release|Any CPU
		{78ABC471-CC4D-4188-AF39-CF3E15C8BA7A}.Release|Any CPU.Build.0 = Release|Any CPU
		{648E751B-D8EC-4F3D-8B51-EFC013E821E3}.Debug|Any CPU.ActiveCfg = Debug|Any CPU
		{648E751B-D8EC-4F3D-8B51-EFC013E821E3}.Debug|Any CPU.Build.0 = Debug|Any CPU
		{648E751B-D8EC-4F3D-8B51-EFC013E821E3}.Release|Any CPU.ActiveCfg = Release|Any CPU
		{648E751B-D8EC-4F3D-8B51-EFC013E821E3}.Release|Any CPU.Build.0 = Release|Any CPU
		{4C32CEAB-6B2B-46F9-8269-CE1AF62AECF6}.Debug|Any CPU.ActiveCfg = Debug|Any CPU
		{4C32CEAB-6B2B-46F9-8269-CE1AF62AECF6}.Debug|Any CPU.Build.0 = Debug|Any CPU
		{4C32CEAB-6B2B-46F9-8269-CE1AF62AECF6}.Release|Any CPU.ActiveCfg = Release|Any CPU
		{4C32CEAB-6B2B-46F9-8269-CE1AF62AECF6}.Release|Any CPU.Build.0 = Release|Any CPU
		{88C4239F-0D94-408C-9259-3B53633A911E}.Debug|Any CPU.ActiveCfg = Debug|Any CPU
		{88C4239F-0D94-408C-9259-3B53633A911E}.Debug|Any CPU.Build.0 = Debug|Any CPU
		{88C4239F-0D94-408C-9259-3B53633A911E}.Release|Any CPU.ActiveCfg = Release|Any CPU
		{88C4239F-0D94-408C-9259-3B53633A911E}.Release|Any CPU.Build.0 = Release|Any CPU
	EndGlobalSection
	GlobalSection(SolutionProperties) = preSolution
		HideSolutionNode = FALSE
	EndGlobalSection
	GlobalSection(NestedProjects) = preSolution
		{8D790795-8CA1-45C8-8A8A-6CA6489195A4} = {35016454-80D9-47D4-B949-8654703277E9}
		{918C1BCB-26F8-4549-9243-439037FC4D2B} = {35016454-80D9-47D4-B949-8654703277E9}
		{B6137ACA-3F33-457D-95B4-2DCEFCD94D75} = {35016454-80D9-47D4-B949-8654703277E9}
		{C7FBC3F0-379C-406E-A17A-097050FAD8A3} = {35016454-80D9-47D4-B949-8654703277E9}
		{5C6DDC2F-84DB-4331-9EAB-02980C7DDA9A} = {206D5149-72A2-4DD0-9F54-A21BDBF16A45}
		{BF5622A0-9C16-4839-8C52-109392F6893D} = {206D5149-72A2-4DD0-9F54-A21BDBF16A45}
		{A6D11D1B-FBEF-4A39-A350-E19019A87A9A} = {206D5149-72A2-4DD0-9F54-A21BDBF16A45}
		{30837D8F-E73D-4F5E-A784-16B435CC7751} = {206D5149-72A2-4DD0-9F54-A21BDBF16A45}
		{FEBF8A85-6F31-442F-8FFC-AE5A87ED907E} = {206D5149-72A2-4DD0-9F54-A21BDBF16A45}
		{4C795B37-5AD0-4856-B774-F31720C5007A} = {206D5149-72A2-4DD0-9F54-A21BDBF16A45}
		{280420FC-B868-4237-8C28-8E9BD0B8A264} = {206D5149-72A2-4DD0-9F54-A21BDBF16A45}
		{58365DAC-2CFA-4F45-8013-91A272C79CD7} = {206D5149-72A2-4DD0-9F54-A21BDBF16A45}
		{95F257F0-C336-4E40-A8F2-82C121FAA4B2} = {35016454-80D9-47D4-B949-8654703277E9}
		{AD61FD74-D3F3-4C40-B454-3515C2E9CE41} = {35016454-80D9-47D4-B949-8654703277E9}
		{78ABC471-CC4D-4188-AF39-CF3E15C8BA7A} = {206D5149-72A2-4DD0-9F54-A21BDBF16A45}
		{648E751B-D8EC-4F3D-8B51-EFC013E821E3} = {206D5149-72A2-4DD0-9F54-A21BDBF16A45}
		{4C32CEAB-6B2B-46F9-8269-CE1AF62AECF6} = {35016454-80D9-47D4-B949-8654703277E9}
	EndGlobalSection
	GlobalSection(ExtensibilityGlobals) = postSolution
		SolutionGuid = {C9849052-8354-4A1E-9734-F1AF01D6A68D}
	EndGlobalSection
EndGlobal
